
Microsoft Visual Studio Solution File, Format Version 12.00
# Visual Studio Version 17
VisualStudioVersion = 17.4.33213.308
MinimumVisualStudioVersion = 10.0.40219.1
Project("{9A19103F-16F7-4668-BE54-9A1E7A4F7556}") = "EfCore_Easy", "EfCore_Easy\EfCore_Easy.csproj", "{733CA945-15A7-43A8-A3F7-CA2F2F64A5F2}"
EndProject
Project("{FAE04EC0-301F-11D3-BF4B-00C04F79EFBC}") = "EfCore_Easy_Wpf", "EfCore_Easy_Wpf\EfCore_Easy_Wpf.csproj", "{8A314C1D-6F1B-486B-8C4F-E1E5E8293334}"
EndProject
Project("{FAE04EC0-301F-11D3-BF4B-00C04F79EFBC}") = "EfCore_Easy_WinForms", "EfCore_Easy_WinForms\EfCore_Easy_WinForms.csproj", "{6153E463-9190-4385-B891-84C4C35EE35D}"
EndProject
Global
	GlobalSection(SolutionConfigurationPlatforms) = preSolution
		Debug|Any CPU = Debug|Any CPU
		Release|Any CPU = Release|Any CPU
	EndGlobalSection
	GlobalSection(ProjectConfigurationPlatforms) = postSolution
		{733CA945-15A7-43A8-A3F7-CA2F2F64A5F2}.Debug|Any CPU.ActiveCfg = Debug|Any CPU
		{733CA945-15A7-43A8-A3F7-CA2F2F64A5F2}.Debug|Any CPU.Build.0 = Debug|Any CPU
		{733CA945-15A7-43A8-A3F7-CA2F2F64A5F2}.Release|Any CPU.ActiveCfg = Release|Any CPU
		{733CA945-15A7-43A8-A3F7-CA2F2F64A5F2}.Release|Any CPU.Build.0 = Release|Any CPU
		{8A314C1D-6F1B-486B-8C4F-E1E5E8293334}.Debug|Any CPU.ActiveCfg = Debug|Any CPU
		{8A314C1D-6F1B-486B-8C4F-E1E5E8293334}.Debug|Any CPU.Build.0 = Debug|Any CPU
		{8A314C1D-6F1B-486B-8C4F-E1E5E8293334}.Release|Any CPU.ActiveCfg = Release|Any CPU
		{8A314C1D-6F1B-486B-8C4F-E1E5E8293334}.Release|Any CPU.Build.0 = Release|Any CPU
		{6153E463-9190-4385-B891-84C4C35EE35D}.Debug|Any CPU.ActiveCfg = Debug|Any CPU
		{6153E463-9190-4385-B891-84C4C35EE35D}.Debug|Any CPU.Build.0 = Debug|Any CPU
		{6153E463-9190-4385-B891-84C4C35EE35D}.Release|Any CPU.ActiveCfg = Release|Any CPU
		{6153E463-9190-4385-B891-84C4C35EE35D}.Release|Any CPU.Build.0 = Release|Any CPU
	EndGlobalSection
	GlobalSection(SolutionProperties) = preSolution
		HideSolutionNode = FALSE
	EndGlobalSection
	GlobalSection(ExtensibilityGlobals) = postSolution
		SolutionGuid = {ED5DA39D-5FDE-4751-80BF-B8C918150732}
	EndGlobalSection
EndGlobal
